// !$*UTF8*$!
{
	archiveVersion = 1;
	classes = {
	};
	objectVersion = 46;
	objects = {

/* Begin PBXBuildFile section */
		5F389FE7AFB9462BA6F3638E /* libPods-group-project.a in Frameworks */ = {isa = PBXBuildFile; fileRef = 4E9FB82140634F01B0887FBF /* libPods-group-project.a */; };
		BB7268001974D651003E7040 /* Foundation.framework in Frameworks */ = {isa = PBXBuildFile; fileRef = BB7267FF1974D651003E7040 /* Foundation.framework */; };
		BB7268021974D651003E7040 /* CoreGraphics.framework in Frameworks */ = {isa = PBXBuildFile; fileRef = BB7268011974D651003E7040 /* CoreGraphics.framework */; };
		BB7268041974D651003E7040 /* UIKit.framework in Frameworks */ = {isa = PBXBuildFile; fileRef = BB7268031974D651003E7040 /* UIKit.framework */; };
		BB72680A1974D651003E7040 /* InfoPlist.strings in Resources */ = {isa = PBXBuildFile; fileRef = BB7268081974D651003E7040 /* InfoPlist.strings */; };
		BB72680C1974D651003E7040 /* main.m in Sources */ = {isa = PBXBuildFile; fileRef = BB72680B1974D651003E7040 /* main.m */; };
		BB7268101974D651003E7040 /* AppDelegate.m in Sources */ = {isa = PBXBuildFile; fileRef = BB72680F1974D651003E7040 /* AppDelegate.m */; };
		BB7268121974D651003E7040 /* Images.xcassets in Resources */ = {isa = PBXBuildFile; fileRef = BB7268111974D651003E7040 /* Images.xcassets */; };
		BB7268191974D651003E7040 /* XCTest.framework in Frameworks */ = {isa = PBXBuildFile; fileRef = BB7268181974D651003E7040 /* XCTest.framework */; };
		BB72681A1974D651003E7040 /* Foundation.framework in Frameworks */ = {isa = PBXBuildFile; fileRef = BB7267FF1974D651003E7040 /* Foundation.framework */; };
		BB72681B1974D651003E7040 /* UIKit.framework in Frameworks */ = {isa = PBXBuildFile; fileRef = BB7268031974D651003E7040 /* UIKit.framework */; };
		BB7268231974D651003E7040 /* InfoPlist.strings in Resources */ = {isa = PBXBuildFile; fileRef = BB7268211974D651003E7040 /* InfoPlist.strings */; };
		BB7268251974D651003E7040 /* group_projectTests.m in Sources */ = {isa = PBXBuildFile; fileRef = BB7268241974D651003E7040 /* group_projectTests.m */; };
		BB7268311974D681003E7040 /* MainViewController.m in Sources */ = {isa = PBXBuildFile; fileRef = BB72682F1974D681003E7040 /* MainViewController.m */; };
		BB7268321974D681003E7040 /* MainViewController.xib in Resources */ = {isa = PBXBuildFile; fileRef = BB7268301974D681003E7040 /* MainViewController.xib */; };
		BB7268361974E58B003E7040 /* VideoPlayViewController.m in Sources */ = {isa = PBXBuildFile; fileRef = BB7268341974E58B003E7040 /* VideoPlayViewController.m */; };
		BB7268371974E58B003E7040 /* VideoPlayViewController.xib in Resources */ = {isa = PBXBuildFile; fileRef = BB7268351974E58B003E7040 /* VideoPlayViewController.xib */; };
		BB7268441974E960003E7040 /* profilemainViewController.m in Sources */ = {isa = PBXBuildFile; fileRef = BB7268391974E960003E7040 /* profilemainViewController.m */; };
		BB7268451974E960003E7040 /* profilemainViewController.xib in Resources */ = {isa = PBXBuildFile; fileRef = BB72683A1974E960003E7040 /* profilemainViewController.xib */; };
		BB7268461974E960003E7040 /* profiletopicsViewController.m in Sources */ = {isa = PBXBuildFile; fileRef = BB72683C1974E960003E7040 /* profiletopicsViewController.m */; };
		BB7268471974E960003E7040 /* profiletopicsViewController.xib in Resources */ = {isa = PBXBuildFile; fileRef = BB72683D1974E960003E7040 /* profiletopicsViewController.xib */; };
		BB7268481974E960003E7040 /* profilemixesViewController.m in Sources */ = {isa = PBXBuildFile; fileRef = BB72683F1974E960003E7040 /* profilemixesViewController.m */; };
		BB7268491974E960003E7040 /* profilemixesViewController.xib in Resources */ = {isa = PBXBuildFile; fileRef = BB7268401974E960003E7040 /* profilemixesViewController.xib */; };
		BB72684A1974E960003E7040 /* profilesavedViewController.m in Sources */ = {isa = PBXBuildFile; fileRef = BB7268421974E960003E7040 /* profilesavedViewController.m */; };
		BB72684B1974E960003E7040 /* profilesavedViewController.xib in Resources */ = {isa = PBXBuildFile; fileRef = BB7268431974E960003E7040 /* profilesavedViewController.xib */; };
		BB72686A19756619003E7040 /* AppFrameViewController.m in Sources */ = {isa = PBXBuildFile; fileRef = BB72686819756619003E7040 /* AppFrameViewController.m */; };
		BB72686B19756619003E7040 /* AppFrameViewController.xib in Resources */ = {isa = PBXBuildFile; fileRef = BB72686919756619003E7040 /* AppFrameViewController.xib */; };
		BB72687319757164003E7040 /* LoginViewController.m in Sources */ = {isa = PBXBuildFile; fileRef = BB72686E19757164003E7040 /* LoginViewController.m */; };
		BB72687419757164003E7040 /* LoginViewController.xib in Resources */ = {isa = PBXBuildFile; fileRef = BB72686F19757164003E7040 /* LoginViewController.xib */; };
		BB72687519757164003E7040 /* homeViewController.m in Sources */ = {isa = PBXBuildFile; fileRef = BB72687119757164003E7040 /* homeViewController.m */; };
		BB72687619757164003E7040 /* homeViewController.xib in Resources */ = {isa = PBXBuildFile; fileRef = BB72687219757164003E7040 /* homeViewController.xib */; };
/* End PBXBuildFile section */

/* Begin PBXContainerItemProxy section */
		BB72681C1974D651003E7040 /* PBXContainerItemProxy */ = {
			isa = PBXContainerItemProxy;
			containerPortal = BB7267F41974D651003E7040 /* Project object */;
			proxyType = 1;
			remoteGlobalIDString = BB7267FB1974D651003E7040;
			remoteInfo = "group-project";
		};
/* End PBXContainerItemProxy section */

/* Begin PBXFileReference section */
		4E9FB82140634F01B0887FBF /* libPods-group-project.a */ = {isa = PBXFileReference; explicitFileType = archive.ar; includeInIndex = 0; path = "libPods-group-project.a"; sourceTree = BUILT_PRODUCTS_DIR; };
		8D50E5BE465D4D049C8DFB9F /* Pods-group-project.xcconfig */ = {isa = PBXFileReference; includeInIndex = 1; lastKnownFileType = text.xcconfig; name = "Pods-group-project.xcconfig"; path = "Pods/Pods-group-project.xcconfig"; sourceTree = "<group>"; };
		BB351550197EDFC00087EA6D /* bbb.mp4 */ = {isa = PBXFileReference; lastKnownFileType = file; path = bbb.mp4; sourceTree = "<group>"; };
		BB7267FC1974D651003E7040 /* group-project.app */ = {isa = PBXFileReference; explicitFileType = wrapper.application; includeInIndex = 0; path = "group-project.app"; sourceTree = BUILT_PRODUCTS_DIR; };
		BB7267FF1974D651003E7040 /* Foundation.framework */ = {isa = PBXFileReference; lastKnownFileType = wrapper.framework; name = Foundation.framework; path = System/Library/Frameworks/Foundation.framework; sourceTree = SDKROOT; };
		BB7268011974D651003E7040 /* CoreGraphics.framework */ = {isa = PBXFileReference; lastKnownFileType = wrapper.framework; name = CoreGraphics.framework; path = System/Library/Frameworks/CoreGraphics.framework; sourceTree = SDKROOT; };
		BB7268031974D651003E7040 /* UIKit.framework */ = {isa = PBXFileReference; lastKnownFileType = wrapper.framework; name = UIKit.framework; path = System/Library/Frameworks/UIKit.framework; sourceTree = SDKROOT; };
		BB7268071974D651003E7040 /* group-project-Info.plist */ = {isa = PBXFileReference; lastKnownFileType = text.plist.xml; path = "group-project-Info.plist"; sourceTree = "<group>"; };
		BB7268091974D651003E7040 /* en */ = {isa = PBXFileReference; lastKnownFileType = text.plist.strings; name = en; path = en.lproj/InfoPlist.strings; sourceTree = "<group>"; };
		BB72680B1974D651003E7040 /* main.m */ = {isa = PBXFileReference; lastKnownFileType = sourcecode.c.objc; path = main.m; sourceTree = "<group>"; };
		BB72680D1974D651003E7040 /* group-project-Prefix.pch */ = {isa = PBXFileReference; lastKnownFileType = sourcecode.c.h; path = "group-project-Prefix.pch"; sourceTree = "<group>"; };
		BB72680E1974D651003E7040 /* AppDelegate.h */ = {isa = PBXFileReference; lastKnownFileType = sourcecode.c.h; path = AppDelegate.h; sourceTree = "<group>"; };
		BB72680F1974D651003E7040 /* AppDelegate.m */ = {isa = PBXFileReference; lastKnownFileType = sourcecode.c.objc; path = AppDelegate.m; sourceTree = "<group>"; };
		BB7268111974D651003E7040 /* Images.xcassets */ = {isa = PBXFileReference; lastKnownFileType = folder.assetcatalog; path = Images.xcassets; sourceTree = "<group>"; };
		BB7268171974D651003E7040 /* group-projectTests.xctest */ = {isa = PBXFileReference; explicitFileType = wrapper.cfbundle; includeInIndex = 0; path = "group-projectTests.xctest"; sourceTree = BUILT_PRODUCTS_DIR; };
		BB7268181974D651003E7040 /* XCTest.framework */ = {isa = PBXFileReference; lastKnownFileType = wrapper.framework; name = XCTest.framework; path = Library/Frameworks/XCTest.framework; sourceTree = DEVELOPER_DIR; };
		BB7268201974D651003E7040 /* group-projectTests-Info.plist */ = {isa = PBXFileReference; lastKnownFileType = text.plist.xml; path = "group-projectTests-Info.plist"; sourceTree = "<group>"; };
		BB7268221974D651003E7040 /* en */ = {isa = PBXFileReference; lastKnownFileType = text.plist.strings; name = en; path = en.lproj/InfoPlist.strings; sourceTree = "<group>"; };
		BB7268241974D651003E7040 /* group_projectTests.m */ = {isa = PBXFileReference; lastKnownFileType = sourcecode.c.objc; path = group_projectTests.m; sourceTree = "<group>"; };
		BB72682E1974D681003E7040 /* MainViewController.h */ = {isa = PBXFileReference; fileEncoding = 4; lastKnownFileType = sourcecode.c.h; path = MainViewController.h; sourceTree = "<group>"; };
		BB72682F1974D681003E7040 /* MainViewController.m */ = {isa = PBXFileReference; fileEncoding = 4; lastKnownFileType = sourcecode.c.objc; path = MainViewController.m; sourceTree = "<group>"; };
		BB7268301974D681003E7040 /* MainViewController.xib */ = {isa = PBXFileReference; fileEncoding = 4; lastKnownFileType = file.xib; path = MainViewController.xib; sourceTree = "<group>"; };
		BB7268331974E58B003E7040 /* VideoPlayViewController.h */ = {isa = PBXFileReference; fileEncoding = 4; lastKnownFileType = sourcecode.c.h; name = VideoPlayViewController.h; path = "group-project/VideoPlayViewController.h"; sourceTree = "<group>"; };
		BB7268341974E58B003E7040 /* VideoPlayViewController.m */ = {isa = PBXFileReference; fileEncoding = 4; lastKnownFileType = sourcecode.c.objc; name = VideoPlayViewController.m; path = "group-project/VideoPlayViewController.m"; sourceTree = "<group>"; };
		BB7268351974E58B003E7040 /* VideoPlayViewController.xib */ = {isa = PBXFileReference; fileEncoding = 4; lastKnownFileType = file.xib; name = VideoPlayViewController.xib; path = "group-project/VideoPlayViewController.xib"; sourceTree = "<group>"; };
		BB7268381974E960003E7040 /* profilemainViewController.h */ = {isa = PBXFileReference; fileEncoding = 4; lastKnownFileType = sourcecode.c.h; path = profilemainViewController.h; sourceTree = "<group>"; };
		BB7268391974E960003E7040 /* profilemainViewController.m */ = {isa = PBXFileReference; fileEncoding = 4; lastKnownFileType = sourcecode.c.objc; path = profilemainViewController.m; sourceTree = "<group>"; };
		BB72683A1974E960003E7040 /* profilemainViewController.xib */ = {isa = PBXFileReference; fileEncoding = 4; lastKnownFileType = file.xib; path = profilemainViewController.xib; sourceTree = "<group>"; };
		BB72683B1974E960003E7040 /* profiletopicsViewController.h */ = {isa = PBXFileReference; fileEncoding = 4; lastKnownFileType = sourcecode.c.h; path = profiletopicsViewController.h; sourceTree = "<group>"; };
		BB72683C1974E960003E7040 /* profiletopicsViewController.m */ = {isa = PBXFileReference; fileEncoding = 4; lastKnownFileType = sourcecode.c.objc; path = profiletopicsViewController.m; sourceTree = "<group>"; };
		BB72683D1974E960003E7040 /* profiletopicsViewController.xib */ = {isa = PBXFileReference; fileEncoding = 4; lastKnownFileType = file.xib; path = profiletopicsViewController.xib; sourceTree = "<group>"; };
		BB72683E1974E960003E7040 /* profilemixesViewController.h */ = {isa = PBXFileReference; fileEncoding = 4; lastKnownFileType = sourcecode.c.h; path = profilemixesViewController.h; sourceTree = "<group>"; };
		BB72683F1974E960003E7040 /* profilemixesViewController.m */ = {isa = PBXFileReference; fileEncoding = 4; lastKnownFileType = sourcecode.c.objc; path = profilemixesViewController.m; sourceTree = "<group>"; };
		BB7268401974E960003E7040 /* profilemixesViewController.xib */ = {isa = PBXFileReference; fileEncoding = 4; lastKnownFileType = file.xib; path = profilemixesViewController.xib; sourceTree = "<group>"; };
		BB7268411974E960003E7040 /* profilesavedViewController.h */ = {isa = PBXFileReference; fileEncoding = 4; lastKnownFileType = sourcecode.c.h; path = profilesavedViewController.h; sourceTree = "<group>"; };
		BB7268421974E960003E7040 /* profilesavedViewController.m */ = {isa = PBXFileReference; fileEncoding = 4; lastKnownFileType = sourcecode.c.objc; path = profilesavedViewController.m; sourceTree = "<group>"; };
		BB7268431974E960003E7040 /* profilesavedViewController.xib */ = {isa = PBXFileReference; fileEncoding = 4; lastKnownFileType = file.xib; path = profilesavedViewController.xib; sourceTree = "<group>"; };
		BB72686719756619003E7040 /* AppFrameViewController.h */ = {isa = PBXFileReference; fileEncoding = 4; lastKnownFileType = sourcecode.c.h; name = AppFrameViewController.h; path = ../AppFrameViewController.h; sourceTree = "<group>"; };
		BB72686819756619003E7040 /* AppFrameViewController.m */ = {isa = PBXFileReference; fileEncoding = 4; lastKnownFileType = sourcecode.c.objc; name = AppFrameViewController.m; path = ../AppFrameViewController.m; sourceTree = "<group>"; };
		BB72686919756619003E7040 /* AppFrameViewController.xib */ = {isa = PBXFileReference; fileEncoding = 4; lastKnownFileType = file.xib; name = AppFrameViewController.xib; path = ../AppFrameViewController.xib; sourceTree = "<group>"; };
		BB72686D19757164003E7040 /* LoginViewController.h */ = {isa = PBXFileReference; fileEncoding = 4; lastKnownFileType = sourcecode.c.h; path = LoginViewController.h; sourceTree = "<group>"; };
		BB72686E19757164003E7040 /* LoginViewController.m */ = {isa = PBXFileReference; fileEncoding = 4; lastKnownFileType = sourcecode.c.objc; path = LoginViewController.m; sourceTree = "<group>"; };
		BB72686F19757164003E7040 /* LoginViewController.xib */ = {isa = PBXFileReference; fileEncoding = 4; lastKnownFileType = file.xib; path = LoginViewController.xib; sourceTree = "<group>"; };
		BB72687019757164003E7040 /* homeViewController.h */ = {isa = PBXFileReference; fileEncoding = 4; lastKnownFileType = sourcecode.c.h; path = homeViewController.h; sourceTree = "<group>"; };
		BB72687119757164003E7040 /* homeViewController.m */ = {isa = PBXFileReference; fileEncoding = 4; lastKnownFileType = sourcecode.c.objc; path = homeViewController.m; sourceTree = "<group>"; };
		BB72687219757164003E7040 /* homeViewController.xib */ = {isa = PBXFileReference; fileEncoding = 4; lastKnownFileType = file.xib; path = homeViewController.xib; sourceTree = "<group>"; };
/* End PBXFileReference section */

/* Begin PBXFrameworksBuildPhase section */
		BB7267F91974D651003E7040 /* Frameworks */ = {
			isa = PBXFrameworksBuildPhase;
			buildActionMask = 2147483647;
			files = (
				BB7268021974D651003E7040 /* CoreGraphics.framework in Frameworks */,
				BB7268041974D651003E7040 /* UIKit.framework in Frameworks */,
				BB7268001974D651003E7040 /* Foundation.framework in Frameworks */,
				5F389FE7AFB9462BA6F3638E /* libPods-group-project.a in Frameworks */,
			);
			runOnlyForDeploymentPostprocessing = 0;
		};
		BB7268141974D651003E7040 /* Frameworks */ = {
			isa = PBXFrameworksBuildPhase;
			buildActionMask = 2147483647;
			files = (
				BB7268191974D651003E7040 /* XCTest.framework in Frameworks */,
				BB72681B1974D651003E7040 /* UIKit.framework in Frameworks */,
				BB72681A1974D651003E7040 /* Foundation.framework in Frameworks */,
			);
			runOnlyForDeploymentPostprocessing = 0;
		};
/* End PBXFrameworksBuildPhase section */

/* Begin PBXGroup section */
		BB7267F31974D651003E7040 = {
			isa = PBXGroup;
			children = (
				BB7268051974D651003E7040 /* group-project */,
				BB72681E1974D651003E7040 /* group-projectTests */,
				BB7267FE1974D651003E7040 /* Frameworks */,
				BB7267FD1974D651003E7040 /* Products */,
				8D50E5BE465D4D049C8DFB9F /* Pods-group-project.xcconfig */,
			);
			sourceTree = "<group>";
		};
		BB7267FD1974D651003E7040 /* Products */ = {
			isa = PBXGroup;
			children = (
				BB7267FC1974D651003E7040 /* group-project.app */,
				BB7268171974D651003E7040 /* group-projectTests.xctest */,
			);
			name = Products;
			sourceTree = "<group>";
		};
		BB7267FE1974D651003E7040 /* Frameworks */ = {
			isa = PBXGroup;
			children = (
				BB7267FF1974D651003E7040 /* Foundation.framework */,
				BB7268011974D651003E7040 /* CoreGraphics.framework */,
				BB7268031974D651003E7040 /* UIKit.framework */,
				BB7268181974D651003E7040 /* XCTest.framework */,
				4E9FB82140634F01B0887FBF /* libPods-group-project.a */,
			);
			name = Frameworks;
			sourceTree = "<group>";
		};
		BB7268051974D651003E7040 /* group-project */ = {
			isa = PBXGroup;
			children = (
				BB351550197EDFC00087EA6D /* bbb.mp4 */,
				BB72680E1974D651003E7040 /* AppDelegate.h */,
				BB72680F1974D651003E7040 /* AppDelegate.m */,
				BB72686719756619003E7040 /* AppFrameViewController.h */,
				BB72686819756619003E7040 /* AppFrameViewController.m */,
				BB72686919756619003E7040 /* AppFrameViewController.xib */,
				BB7268111974D651003E7040 /* Images.xcassets */,
				BB72686C19756638003E7040 /* cliff-brain */,
				BB72686619756359003E7040 /* josh-profile-pages */,
				BB7268771975716E003E7040 /* michael-search */,
				BB7268061974D651003E7040 /* Supporting Files */,
			);
			path = "group-project";
			sourceTree = "<group>";
		};
		BB7268061974D651003E7040 /* Supporting Files */ = {
			isa = PBXGroup;
			children = (
				BB7268071974D651003E7040 /* group-project-Info.plist */,
				BB7268081974D651003E7040 /* InfoPlist.strings */,
				BB72680B1974D651003E7040 /* main.m */,
				BB72680D1974D651003E7040 /* group-project-Prefix.pch */,
			);
			name = "Supporting Files";
			sourceTree = "<group>";
		};
		BB72681E1974D651003E7040 /* group-projectTests */ = {
			isa = PBXGroup;
			children = (
				BB7268241974D651003E7040 /* group_projectTests.m */,
				BB72681F1974D651003E7040 /* Supporting Files */,
			);
			path = "group-projectTests";
			sourceTree = "<group>";
		};
		BB72681F1974D651003E7040 /* Supporting Files */ = {
			isa = PBXGroup;
			children = (
				BB7268201974D651003E7040 /* group-projectTests-Info.plist */,
				BB7268211974D651003E7040 /* InfoPlist.strings */,
			);
			name = "Supporting Files";
			sourceTree = "<group>";
		};
		BB72686619756359003E7040 /* josh-profile-pages */ = {
			isa = PBXGroup;
			children = (
				BB7268381974E960003E7040 /* profilemainViewController.h */,
				BB7268391974E960003E7040 /* profilemainViewController.m */,
				BB72683A1974E960003E7040 /* profilemainViewController.xib */,
				BB72683B1974E960003E7040 /* profiletopicsViewController.h */,
				BB72683C1974E960003E7040 /* profiletopicsViewController.m */,
				BB72683D1974E960003E7040 /* profiletopicsViewController.xib */,
				BB72683E1974E960003E7040 /* profilemixesViewController.h */,
				BB72683F1974E960003E7040 /* profilemixesViewController.m */,
				BB7268401974E960003E7040 /* profilemixesViewController.xib */,
				BB7268411974E960003E7040 /* profilesavedViewController.h */,
				BB7268421974E960003E7040 /* profilesavedViewController.m */,
				BB7268431974E960003E7040 /* profilesavedViewController.xib */,
			);
			name = "josh-profile-pages";
			sourceTree = "<group>";
		};
		BB72686C19756638003E7040 /* cliff-brain */ = {
			isa = PBXGroup;
			children = (
				BB72682E1974D681003E7040 /* MainViewController.h */,
				BB72682F1974D681003E7040 /* MainViewController.m */,
				BB7268301974D681003E7040 /* MainViewController.xib */,
				BB7268331974E58B003E7040 /* VideoPlayViewController.h */,
				BB7268341974E58B003E7040 /* VideoPlayViewController.m */,
				BB7268351974E58B003E7040 /* VideoPlayViewController.xib */,
			);
			name = "cliff-brain";
			path = ..;
			sourceTree = "<group>";
		};
		BB7268771975716E003E7040 /* michael-search */ = {
			isa = PBXGroup;
			children = (
				BB72686D19757164003E7040 /* LoginViewController.h */,
				BB72686E19757164003E7040 /* LoginViewController.m */,
				BB72686F19757164003E7040 /* LoginViewController.xib */,
				BB72687019757164003E7040 /* homeViewController.h */,
				BB72687119757164003E7040 /* homeViewController.m */,
				BB72687219757164003E7040 /* homeViewController.xib */,
			);
			name = "michael-search";
			sourceTree = "<group>";
		};
/* End PBXGroup section */

/* Begin PBXNativeTarget section */
		BB7267FB1974D651003E7040 /* group-project */ = {
			isa = PBXNativeTarget;
			buildConfigurationList = BB7268281974D651003E7040 /* Build configuration list for PBXNativeTarget "group-project" */;
			buildPhases = (
				32024A227FFF47FCB7E612D7 /* Check Pods Manifest.lock */,
				BB7267F81974D651003E7040 /* Sources */,
				BB7267F91974D651003E7040 /* Frameworks */,
				BB7267FA1974D651003E7040 /* Resources */,
				753B0750079E4378B128D0BA /* Copy Pods Resources */,
			);
			buildRules = (
			);
			dependencies = (
			);
			name = "group-project";
			productName = "group-project";
			productReference = BB7267FC1974D651003E7040 /* group-project.app */;
			productType = "com.apple.product-type.application";
		};
		BB7268161974D651003E7040 /* group-projectTests */ = {
			isa = PBXNativeTarget;
			buildConfigurationList = BB72682B1974D651003E7040 /* Build configuration list for PBXNativeTarget "group-projectTests" */;
			buildPhases = (
				BB7268131974D651003E7040 /* Sources */,
				BB7268141974D651003E7040 /* Frameworks */,
				BB7268151974D651003E7040 /* Resources */,
			);
			buildRules = (
			);
			dependencies = (
				BB72681D1974D651003E7040 /* PBXTargetDependency */,
			);
			name = "group-projectTests";
			productName = "group-projectTests";
			productReference = BB7268171974D651003E7040 /* group-projectTests.xctest */;
			productType = "com.apple.product-type.bundle.unit-test";
		};
/* End PBXNativeTarget section */

/* Begin PBXProject section */
		BB7267F41974D651003E7040 /* Project object */ = {
			isa = PBXProject;
			attributes = {
				LastUpgradeCheck = 0510;
				ORGANIZATIONNAME = "Cliff Curry";
				TargetAttributes = {
					BB7268161974D651003E7040 = {
						TestTargetID = BB7267FB1974D651003E7040;
					};
				};
			};
			buildConfigurationList = BB7267F71974D651003E7040 /* Build configuration list for PBXProject "group-project" */;
			compatibilityVersion = "Xcode 3.2";
			developmentRegion = English;
			hasScannedForEncodings = 0;
			knownRegions = (
				en,
			);
			mainGroup = BB7267F31974D651003E7040;
			productRefGroup = BB7267FD1974D651003E7040 /* Products */;
			projectDirPath = "";
			projectRoot = "";
			targets = (
				BB7267FB1974D651003E7040 /* group-project */,
				BB7268161974D651003E7040 /* group-projectTests */,
			);
		};
/* End PBXProject section */

/* Begin PBXResourcesBuildPhase section */
		BB7267FA1974D651003E7040 /* Resources */ = {
			isa = PBXResourcesBuildPhase;
			buildActionMask = 2147483647;
			files = (
				BB72687619757164003E7040 /* homeViewController.xib in Resources */,
				BB72687419757164003E7040 /* LoginViewController.xib in Resources */,
				BB7268371974E58B003E7040 /* VideoPlayViewController.xib in Resources */,
				BB72680A1974D651003E7040 /* InfoPlist.strings in Resources */,
				BB72684B1974E960003E7040 /* profilesavedViewController.xib in Resources */,
				BB72686B19756619003E7040 /* AppFrameViewController.xib in Resources */,
				BB7268321974D681003E7040 /* MainViewController.xib in Resources */,
				BB7268451974E960003E7040 /* profilemainViewController.xib in Resources */,
				BB7268491974E960003E7040 /* profilemixesViewController.xib in Resources */,
				BB7268471974E960003E7040 /* profiletopicsViewController.xib in Resources */,
				BB7268121974D651003E7040 /* Images.xcassets in Resources */,
			);
			runOnlyForDeploymentPostprocessing = 0;
		};
		BB7268151974D651003E7040 /* Resources */ = {
			isa = PBXResourcesBuildPhase;
			buildActionMask = 2147483647;
			files = (
				BB7268231974D651003E7040 /* InfoPlist.strings in Resources */,
			);
			runOnlyForDeploymentPostprocessing = 0;
		};
/* End PBXResourcesBuildPhase section */

/* Begin PBXShellScriptBuildPhase section */
		32024A227FFF47FCB7E612D7 /* Check Pods Manifest.lock */ = {
			isa = PBXShellScriptBuildPhase;
			buildActionMask = 2147483647;
			files = (
			);
			inputPaths = (
			);
			name = "Check Pods Manifest.lock";
			outputPaths = (
			);
			runOnlyForDeploymentPostprocessing = 0;
			shellPath = /bin/sh;
			shellScript = "diff \"${PODS_ROOT}/../Podfile.lock\" \"${PODS_ROOT}/Manifest.lock\" > /dev/null\nif [[ $? != 0 ]] ; then\n    cat << EOM\nerror: The sandbox is not in sync with the Podfile.lock. Run 'pod install' or update your CocoaPods installation.\nEOM\n    exit 1\nfi\n";
			showEnvVarsInLog = 0;
		};
		753B0750079E4378B128D0BA /* Copy Pods Resources */ = {
			isa = PBXShellScriptBuildPhase;
			buildActionMask = 2147483647;
			files = (
			);
			inputPaths = (
			);
			name = "Copy Pods Resources";
			outputPaths = (
			);
			runOnlyForDeploymentPostprocessing = 0;
			shellPath = /bin/sh;
			shellScript = "\"${SRCROOT}/Pods/Pods-group-project-resources.sh\"\n";
			showEnvVarsInLog = 0;
		};
/* End PBXShellScriptBuildPhase section */

/* Begin PBXSourcesBuildPhase section */
		BB7267F81974D651003E7040 /* Sources */ = {
			isa = PBXSourcesBuildPhase;
			buildActionMask = 2147483647;
			files = (
				BB72687519757164003E7040 /* homeViewController.m in Sources */,
				BB7268441974E960003E7040 /* profilemainViewController.m in Sources */,
				BB7268361974E58B003E7040 /* VideoPlayViewController.m in Sources */,
				BB72684A1974E960003E7040 /* profilesavedViewController.m in Sources */,
				BB7268101974D651003E7040 /* AppDelegate.m in Sources */,
				BB72687319757164003E7040 /* LoginViewController.m in Sources */,
				BB7268311974D681003E7040 /* MainViewController.m in Sources */,
				BB7268481974E960003E7040 /* profilemixesViewController.m in Sources */,
				BB7268461974E960003E7040 /* profiletopicsViewController.m in Sources */,
				BB72680C1974D651003E7040 /* main.m in Sources */,
				BB72686A19756619003E7040 /* AppFrameViewController.m in Sources */,
			);
			runOnlyForDeploymentPostprocessing = 0;
		};
		BB7268131974D651003E7040 /* Sources */ = {
			isa = PBXSourcesBuildPhase;
			buildActionMask = 2147483647;
			files = (
				BB7268251974D651003E7040 /* group_projectTests.m in Sources */,
			);
			runOnlyForDeploymentPostprocessing = 0;
		};
/* End PBXSourcesBuildPhase section */

/* Begin PBXTargetDependency section */
		BB72681D1974D651003E7040 /* PBXTargetDependency */ = {
			isa = PBXTargetDependency;
			target = BB7267FB1974D651003E7040 /* group-project */;
			targetProxy = BB72681C1974D651003E7040 /* PBXContainerItemProxy */;
		};
/* End PBXTargetDependency section */

/* Begin PBXVariantGroup section */
		BB7268081974D651003E7040 /* InfoPlist.strings */ = {
			isa = PBXVariantGroup;
			children = (
				BB7268091974D651003E7040 /* en */,
			);
			name = InfoPlist.strings;
			sourceTree = "<group>";
		};
		BB7268211974D651003E7040 /* InfoPlist.strings */ = {
			isa = PBXVariantGroup;
			children = (
				BB7268221974D651003E7040 /* en */,
			);
			name = InfoPlist.strings;
			sourceTree = "<group>";
		};
/* End PBXVariantGroup section */

/* Begin XCBuildConfiguration section */
		BB7268261974D651003E7040 /* Debug */ = {
			isa = XCBuildConfiguration;
			buildSettings = {
				ALWAYS_SEARCH_USER_PATHS = NO;
				CLANG_CXX_LANGUAGE_STANDARD = "gnu++0x";
				CLANG_CXX_LIBRARY = "libc++";
				CLANG_ENABLE_MODULES = YES;
				CLANG_ENABLE_OBJC_ARC = YES;
				CLANG_WARN_BOOL_CONVERSION = YES;
				CLANG_WARN_CONSTANT_CONVERSION = YES;
				CLANG_WARN_DIRECT_OBJC_ISA_USAGE = YES_ERROR;
				CLANG_WARN_EMPTY_BODY = YES;
				CLANG_WARN_ENUM_CONVERSION = YES;
				CLANG_WARN_INT_CONVERSION = YES;
				CLANG_WARN_OBJC_ROOT_CLASS = YES_ERROR;
				CLANG_WARN__DUPLICATE_METHOD_MATCH = YES;
				"CODE_SIGN_IDENTITY[sdk=iphoneos*]" = "iPhone Developer";
				COPY_PHASE_STRIP = NO;
				GCC_C_LANGUAGE_STANDARD = gnu99;
				GCC_DYNAMIC_NO_PIC = NO;
				GCC_OPTIMIZATION_LEVEL = 0;
				GCC_PREPROCESSOR_DEFINITIONS = (
					"DEBUG=1",
					"$(inherited)",
				);
				GCC_SYMBOLS_PRIVATE_EXTERN = NO;
				GCC_WARN_64_TO_32_BIT_CONVERSION = YES;
				GCC_WARN_ABOUT_RETURN_TYPE = YES_ERROR;
				GCC_WARN_UNDECLARED_SELECTOR = YES;
				GCC_WARN_UNINITIALIZED_AUTOS = YES_AGGRESSIVE;
				GCC_WARN_UNUSED_FUNCTION = YES;
				GCC_WARN_UNUSED_VARIABLE = YES;
				IPHONEOS_DEPLOYMENT_TARGET = 7.1;
				ONLY_ACTIVE_ARCH = YES;
				SDKROOT = iphoneos;
			};
			name = Debug;
		};
		BB7268271974D651003E7040 /* Release */ = {
			isa = XCBuildConfiguration;
			buildSettings = {
				ALWAYS_SEARCH_USER_PATHS = NO;
				CLANG_CXX_LANGUAGE_STANDARD = "gnu++0x";
				CLANG_CXX_LIBRARY = "libc++";
				CLANG_ENABLE_MODULES = YES;
				CLANG_ENABLE_OBJC_ARC = YES;
				CLANG_WARN_BOOL_CONVERSION = YES;
				CLANG_WARN_CONSTANT_CONVERSION = YES;
				CLANG_WARN_DIRECT_OBJC_ISA_USAGE = YES_ERROR;
				CLANG_WARN_EMPTY_BODY = YES;
				CLANG_WARN_ENUM_CONVERSION = YES;
				CLANG_WARN_INT_CONVERSION = YES;
				CLANG_WARN_OBJC_ROOT_CLASS = YES_ERROR;
				CLANG_WARN__DUPLICATE_METHOD_MATCH = YES;
				"CODE_SIGN_IDENTITY[sdk=iphoneos*]" = "iPhone Developer";
				COPY_PHASE_STRIP = YES;
				ENABLE_NS_ASSERTIONS = NO;
				GCC_C_LANGUAGE_STANDARD = gnu99;
				GCC_WARN_64_TO_32_BIT_CONVERSION = YES;
				GCC_WARN_ABOUT_RETURN_TYPE = YES_ERROR;
				GCC_WARN_UNDECLARED_SELECTOR = YES;
				GCC_WARN_UNINITIALIZED_AUTOS = YES_AGGRESSIVE;
				GCC_WARN_UNUSED_FUNCTION = YES;
				GCC_WARN_UNUSED_VARIABLE = YES;
				IPHONEOS_DEPLOYMENT_TARGET = 7.1;
				SDKROOT = iphoneos;
				VALIDATE_PRODUCT = YES;
			};
			name = Release;
		};
		BB7268291974D651003E7040 /* Debug */ = {
			isa = XCBuildConfiguration;
			baseConfigurationReference = 8D50E5BE465D4D049C8DFB9F /* Pods-group-project.xcconfig */;
			buildSettings = {
				ASSETCATALOG_COMPILER_APPICON_NAME = AppIcon;
				ASSETCATALOG_COMPILER_LAUNCHIMAGE_NAME = LaunchImage;
				GCC_PRECOMPILE_PREFIX_HEADER = YES;
				GCC_PREFIX_HEADER = "group-project/group-project-Prefix.pch";
				INFOPLIST_FILE = "group-project/group-project-Info.plist";
				PRODUCT_NAME = "$(TARGET_NAME)";
				WRAPPER_EXTENSION = app;
			};
			name = Debug;
		};
		BB72682A1974D651003E7040 /* Release */ = {
			isa = XCBuildConfiguration;
			baseConfigurationReference = 8D50E5BE465D4D049C8DFB9F /* Pods-group-project.xcconfig */;
			buildSettings = {
				ASSETCATALOG_COMPILER_APPICON_NAME = AppIcon;
				ASSETCATALOG_COMPILER_LAUNCHIMAGE_NAME = LaunchImage;
				GCC_PRECOMPILE_PREFIX_HEADER = YES;
				GCC_PREFIX_HEADER = "group-project/group-project-Prefix.pch";
				INFOPLIST_FILE = "group-project/group-project-Info.plist";
				PRODUCT_NAME = "$(TARGET_NAME)";
				WRAPPER_EXTENSION = app;
			};
			name = Release;
		};
		BB72682C1974D651003E7040 /* Debug */ = {
			isa = XCBuildConfiguration;
			buildSettings = {
				BUNDLE_LOADER = "$(BUILT_PRODUCTS_DIR)/group-project.app/group-project";
				FRAMEWORK_SEARCH_PATHS = (
					"$(SDKROOT)/Developer/Library/Frameworks",
					"$(inherited)",
					"$(DEVELOPER_FRAMEWORKS_DIR)",
				);
				GCC_PRECOMPILE_PREFIX_HEADER = YES;
				GCC_PREFIX_HEADER = "group-project/group-project-Prefix.pch";
				GCC_PREPROCESSOR_DEFINITIONS = (
					"DEBUG=1",
					"$(inherited)",
				);
				INFOPLIST_FILE = "group-projectTests/group-projectTests-Info.plist";
				PRODUCT_NAME = "$(TARGET_NAME)";
				TEST_HOST = "$(BUNDLE_LOADER)";
				WRAPPER_EXTENSION = xctest;
			};
			name = Debug;
		};
		BB72682D1974D651003E7040 /* Release */ = {
			isa = XCBuildConfiguration;
			buildSettings = {
				BUNDLE_LOADER = "$(BUILT_PRODUCTS_DIR)/group-project.app/group-project";
				FRAMEWORK_SEARCH_PATHS = (
					"$(SDKROOT)/Developer/Library/Frameworks",
					"$(inherited)",
					"$(DEVELOPER_FRAMEWORKS_DIR)",
				);
				GCC_PRECOMPILE_PREFIX_HEADER = YES;
				GCC_PREFIX_HEADER = "group-project/group-project-Prefix.pch";
				INFOPLIST_FILE = "group-projectTests/group-projectTests-Info.plist";
				PRODUCT_NAME = "$(TARGET_NAME)";
				TEST_HOST = "$(BUNDLE_LOADER)";
				WRAPPER_EXTENSION = xctest;
			};
			name = Release;
		};
/* End XCBuildConfiguration section */

/* Begin XCConfigurationList section */
		BB7267F71974D651003E7040 /* Build configuration list for PBXProject "group-project" */ = {
			isa = XCConfigurationList;
			buildConfigurations = (
				BB7268261974D651003E7040 /* Debug */,
				BB7268271974D651003E7040 /* Release */,
			);
			defaultConfigurationIsVisible = 0;
			defaultConfigurationName = Release;
		};
		BB7268281974D651003E7040 /* Build configuration list for PBXNativeTarget "group-project" */ = {
			isa = XCConfigurationList;
			buildConfigurations = (
				BB7268291974D651003E7040 /* Debug */,
				BB72682A1974D651003E7040 /* Release */,
			);
			defaultConfigurationIsVisible = 0;
			defaultConfigurationName = Release;
		};
		BB72682B1974D651003E7040 /* Build configuration list for PBXNativeTarget "group-projectTests" */ = {
			isa = XCConfigurationList;
			buildConfigurations = (
				BB72682C1974D651003E7040 /* Debug */,
				BB72682D1974D651003E7040 /* Release */,
			);
			defaultConfigurationIsVisible = 0;
			defaultConfigurationName = Release;
		};
/* End XCConfigurationList section */
	};
	rootObject = BB7267F41974D651003E7040 /* Project object */;
}
